
Microsoft Visual Studio Solution File, Format Version 12.00
# Visual Studio Version 16
VisualStudioVersion = 16.0.30204.135
MinimumVisualStudioVersion = 10.0.40219.1
Project("{FAE04EC0-301F-11D3-BF4B-00C04F79EFBC}") = "Bot.PrecioDolar", "Bot.PrecioDolar\Bot.PrecioDolar.csproj", "{36C714BF-AAD0-46D6-A779-B7ED78D96C48}"
EndProject
Global
	GlobalSection(SolutionConfigurationPlatforms) = preSolution
		Debug|Any CPU = Debug|Any CPU
		Release|Any CPU = Release|Any CPU
	EndGlobalSection
	GlobalSection(ProjectConfigurationPlatforms) = postSolution
		{36C714BF-AAD0-46D6-A779-B7ED78D96C48}.Debug|Any CPU.ActiveCfg = Debug|Any CPU
		{36C714BF-AAD0-46D6-A779-B7ED78D96C48}.Debug|Any CPU.Build.0 = Debug|Any CPU
		{36C714BF-AAD0-46D6-A779-B7ED78D96C48}.Release|Any CPU.ActiveCfg = Release|Any CPU
		{36C714BF-AAD0-46D6-A779-B7ED78D96C48}.Release|Any CPU.Build.0 = Release|Any CPU
	EndGlobalSection
	GlobalSection(SolutionProperties) = preSolution
		HideSolutionNode = FALSE
	EndGlobalSection
	GlobalSection(ExtensibilityGlobals) = postSolution
		SolutionGuid = {3A1CF0E5-D347-4FC9-990A-A400D58F8DAF}
	EndGlobalSection
EndGlobal
